
Microsoft Visual Studio Solution File, Format Version 12.00
Project("{2150E333-8FDC-42A3-9474-1A3956D46DE8}") = "Core", "Core", "{B3BED2CF-89DA-4719-9A94-C636E766D98B}"
EndProject
Project("{FAE04EC0-301F-11D3-BF4B-00C04F79EFBC}") = "MiniETicaret.Domain", "Core\MiniETicaret.Domain\MiniETicaret.Domain.csproj", "{F8E057C9-D9A2-4A52-B520-F91057A20AD3}"
EndProject
Project("{FAE04EC0-301F-11D3-BF4B-00C04F79EFBC}") = "MiniETicaret.Application", "Core\MiniETicaret.Application\MiniETicaret.Application.csproj", "{6659F69E-BB7F-4BC4-911A-986897CEA122}"
EndProject
Project("{2150E333-8FDC-42A3-9474-1A3956D46DE8}") = "Infrastructure", "Infrastructure", "{45048ECF-1828-45F5-8BE7-E981216461FC}"
EndProject
Project("{FAE04EC0-301F-11D3-BF4B-00C04F79EFBC}") = "MiniETicaret.Infrastructure", "Infrastructure\MiniETicaret.Infrastructure\MiniETicaret.Infrastructure.csproj", "{6D048292-0AC5-4245-B2A3-EB618ED4A825}"
EndProject
Project("{FAE04EC0-301F-11D3-BF4B-00C04F79EFBC}") = "MiniETicaret.Persistence", "Infrastructure\MiniETicaret.Persistence\MiniETicaret.Persistence.csproj", "{FFCFDF9F-B2B2-484C-A45D-CE5989276112}"
EndProject
Project("{2150E333-8FDC-42A3-9474-1A3956D46DE8}") = "Presentation", "Presentation", "{A10CE5CD-6828-4842-BF68-0C3A808373EC}"
EndProject
Project("{FAE04EC0-301F-11D3-BF4B-00C04F79EFBC}") = "MiniETicaretAPI", "Presentation\MiniETicaretAPI\MiniETicaretAPI.csproj", "{59CBD366-50C9-4321-B8D3-74555BC4F0D1}"
EndProject
Global
	GlobalSection(SolutionConfigurationPlatforms) = preSolution
		Debug|Any CPU = Debug|Any CPU
		Release|Any CPU = Release|Any CPU
	EndGlobalSection
	GlobalSection(NestedProjects) = preSolution
		{F8E057C9-D9A2-4A52-B520-F91057A20AD3} = {B3BED2CF-89DA-4719-9A94-C636E766D98B}
		{6659F69E-BB7F-4BC4-911A-986897CEA122} = {B3BED2CF-89DA-4719-9A94-C636E766D98B}
		{6D048292-0AC5-4245-B2A3-EB618ED4A825} = {45048ECF-1828-45F5-8BE7-E981216461FC}
		{FFCFDF9F-B2B2-484C-A45D-CE5989276112} = {45048ECF-1828-45F5-8BE7-E981216461FC}
		{59CBD366-50C9-4321-B8D3-74555BC4F0D1} = {A10CE5CD-6828-4842-BF68-0C3A808373EC}
	EndGlobalSection
	GlobalSection(ProjectConfigurationPlatforms) = postSolution
		{F8E057C9-D9A2-4A52-B520-F91057A20AD3}.Debug|Any CPU.ActiveCfg = Debug|Any CPU
		{F8E057C9-D9A2-4A52-B520-F91057A20AD3}.Debug|Any CPU.Build.0 = Debug|Any CPU
		{F8E057C9-D9A2-4A52-B520-F91057A20AD3}.Release|Any CPU.ActiveCfg = Release|Any CPU
		{F8E057C9-D9A2-4A52-B520-F91057A20AD3}.Release|Any CPU.Build.0 = Release|Any CPU
		{6659F69E-BB7F-4BC4-911A-986897CEA122}.Debug|Any CPU.ActiveCfg = Debug|Any CPU
		{6659F69E-BB7F-4BC4-911A-986897CEA122}.Debug|Any CPU.Build.0 = Debug|Any CPU
		{6659F69E-BB7F-4BC4-911A-986897CEA122}.Release|Any CPU.ActiveCfg = Release|Any CPU
		{6659F69E-BB7F-4BC4-911A-986897CEA122}.Release|Any CPU.Build.0 = Release|Any CPU
		{6D048292-0AC5-4245-B2A3-EB618ED4A825}.Debug|Any CPU.ActiveCfg = Debug|Any CPU
		{6D048292-0AC5-4245-B2A3-EB618ED4A825}.Debug|Any CPU.Build.0 = Debug|Any CPU
		{6D048292-0AC5-4245-B2A3-EB618ED4A825}.Release|Any CPU.ActiveCfg = Release|Any CPU
		{6D048292-0AC5-4245-B2A3-EB618ED4A825}.Release|Any CPU.Build.0 = Release|Any CPU
		{FFCFDF9F-B2B2-484C-A45D-CE5989276112}.Debug|Any CPU.ActiveCfg = Debug|Any CPU
		{FFCFDF9F-B2B2-484C-A45D-CE5989276112}.Debug|Any CPU.Build.0 = Debug|Any CPU
		{FFCFDF9F-B2B2-484C-A45D-CE5989276112}.Release|Any CPU.ActiveCfg = Release|Any CPU
		{FFCFDF9F-B2B2-484C-A45D-CE5989276112}.Release|Any CPU.Build.0 = Release|Any CPU
		{59CBD366-50C9-4321-B8D3-74555BC4F0D1}.Debug|Any CPU.ActiveCfg = Debug|Any CPU
		{59CBD366-50C9-4321-B8D3-74555BC4F0D1}.Debug|Any CPU.Build.0 = Debug|Any CPU
		{59CBD366-50C9-4321-B8D3-74555BC4F0D1}.Release|Any CPU.ActiveCfg = Release|Any CPU
		{59CBD366-50C9-4321-B8D3-74555BC4F0D1}.Release|Any CPU.Build.0 = Release|Any CPU
	EndGlobalSection
EndGlobal
